
Microsoft Visual Studio Solution File, Format Version 12.00
# Visual Studio 15
VisualStudioVersion = 15.0.26430.16
MinimumVisualStudioVersion = 10.0.40219.1
Project("{FAE04EC0-301F-11D3-BF4B-00C04F79EFBC}") = "CasaDoCodigoFoods.Android", "CasaDoCodigoFoods\CasaDoCodigoFoods.Android\CasaDoCodigoFoods.Android.csproj", "{6F4E1F85-1639-4BAF-B11C-EA1C192B397B}"
EndProject
Project("{FAE04EC0-301F-11D3-BF4B-00C04F79EFBC}") = "CasaDoCodigoFoods", "CasaDoCodigoFoods\CasaDoCodigoFoods\CasaDoCodigoFoods.csproj", "{531DAE2E-C722-46DE-95AF-ECF022F6F34B}"
EndProject
Project("{FAE04EC0-301F-11D3-BF4B-00C04F79EFBC}") = "CasaDoCodigoFoods.iOS", "CasaDoCodigoFoods\CasaDoCodigoFoods.iOS\CasaDoCodigoFoods.iOS.csproj", "{133CE40C-A9BE-4B3C-85E2-3FEE05F999D9}"
EndProject
Global
	GlobalSection(SolutionConfigurationPlatforms) = preSolution
		Ad-Hoc|Any CPU = Ad-Hoc|Any CPU
		Ad-Hoc|iPhone = Ad-Hoc|iPhone
		Ad-Hoc|iPhoneSimulator = Ad-Hoc|iPhoneSimulator
		AppStore|Any CPU = AppStore|Any CPU
		AppStore|iPhone = AppStore|iPhone
		AppStore|iPhoneSimulator = AppStore|iPhoneSimulator
		Debug|Any CPU = Debug|Any CPU
		Debug|iPhone = Debug|iPhone
		Debug|iPhoneSimulator = Debug|iPhoneSimulator
		Release|Any CPU = Release|Any CPU
		Release|iPhone = Release|iPhone
		Release|iPhoneSimulator = Release|iPhoneSimulator
	EndGlobalSection
	GlobalSection(ProjectConfigurationPlatforms) = postSolution
		{6F4E1F85-1639-4BAF-B11C-EA1C192B397B}.Ad-Hoc|Any CPU.ActiveCfg = Release|Any CPU
		{6F4E1F85-1639-4BAF-B11C-EA1C192B397B}.Ad-Hoc|Any CPU.Build.0 = Release|Any CPU
		{6F4E1F85-1639-4BAF-B11C-EA1C192B397B}.Ad-Hoc|Any CPU.Deploy.0 = Release|Any CPU
		{6F4E1F85-1639-4BAF-B11C-EA1C192B397B}.Ad-Hoc|iPhone.ActiveCfg = Release|Any CPU
		{6F4E1F85-1639-4BAF-B11C-EA1C192B397B}.Ad-Hoc|iPhone.Build.0 = Release|Any CPU
		{6F4E1F85-1639-4BAF-B11C-EA1C192B397B}.Ad-Hoc|iPhone.Deploy.0 = Release|Any CPU
		{6F4E1F85-1639-4BAF-B11C-EA1C192B397B}.Ad-Hoc|iPhoneSimulator.ActiveCfg = Release|Any CPU
		{6F4E1F85-1639-4BAF-B11C-EA1C192B397B}.Ad-Hoc|iPhoneSimulator.Build.0 = Release|Any CPU
		{6F4E1F85-1639-4BAF-B11C-EA1C192B397B}.Ad-Hoc|iPhoneSimulator.Deploy.0 = Release|Any CPU
		{6F4E1F85-1639-4BAF-B11C-EA1C192B397B}.AppStore|Any CPU.ActiveCfg = Release|Any CPU
		{6F4E1F85-1639-4BAF-B11C-EA1C192B397B}.AppStore|Any CPU.Build.0 = Release|Any CPU
		{6F4E1F85-1639-4BAF-B11C-EA1C192B397B}.AppStore|Any CPU.Deploy.0 = Release|Any CPU
		{6F4E1F85-1639-4BAF-B11C-EA1C192B397B}.AppStore|iPhone.ActiveCfg = Release|Any CPU
		{6F4E1F85-1639-4BAF-B11C-EA1C192B397B}.AppStore|iPhone.Build.0 = Release|Any CPU
		{6F4E1F85-1639-4BAF-B11C-EA1C192B397B}.AppStore|iPhone.Deploy.0 = Release|Any CPU
		{6F4E1F85-1639-4BAF-B11C-EA1C192B397B}.AppStore|iPhoneSimulator.ActiveCfg = Release|Any CPU
		{6F4E1F85-1639-4BAF-B11C-EA1C192B397B}.AppStore|iPhoneSimulator.Build.0 = Release|Any CPU
		{6F4E1F85-1639-4BAF-B11C-EA1C192B397B}.AppStore|iPhoneSimulator.Deploy.0 = Release|Any CPU
		{6F4E1F85-1639-4BAF-B11C-EA1C192B397B}.Debug|Any CPU.ActiveCfg = Debug|Any CPU
		{6F4E1F85-1639-4BAF-B11C-EA1C192B397B}.Debug|Any CPU.Build.0 = Debug|Any CPU
		{6F4E1F85-1639-4BAF-B11C-EA1C192B397B}.Debug|Any CPU.Deploy.0 = Debug|Any CPU
		{6F4E1F85-1639-4BAF-B11C-EA1C192B397B}.Debug|iPhone.ActiveCfg = Debug|Any CPU
		{6F4E1F85-1639-4BAF-B11C-EA1C192B397B}.Debug|iPhone.Build.0 = Debug|Any CPU
		{6F4E1F85-1639-4BAF-B11C-EA1C192B397B}.Debug|iPhone.Deploy.0 = Debug|Any CPU
		{6F4E1F85-1639-4BAF-B11C-EA1C192B397B}.Debug|iPhoneSimulator.ActiveCfg = Debug|Any CPU
		{6F4E1F85-1639-4BAF-B11C-EA1C192B397B}.Debug|iPhoneSimulator.Build.0 = Debug|Any CPU
		{6F4E1F85-1639-4BAF-B11C-EA1C192B397B}.Debug|iPhoneSimulator.Deploy.0 = Debug|Any CPU
		{6F4E1F85-1639-4BAF-B11C-EA1C192B397B}.Release|Any CPU.ActiveCfg = Release|Any CPU
		{6F4E1F85-1639-4BAF-B11C-EA1C192B397B}.Release|Any CPU.Build.0 = Release|Any CPU
		{6F4E1F85-1639-4BAF-B11C-EA1C192B397B}.Release|Any CPU.Deploy.0 = Release|Any CPU
		{6F4E1F85-1639-4BAF-B11C-EA1C192B397B}.Release|iPhone.ActiveCfg = Release|Any CPU
		{6F4E1F85-1639-4BAF-B11C-EA1C192B397B}.Release|iPhone.Build.0 = Release|Any CPU
		{6F4E1F85-1639-4BAF-B11C-EA1C192B397B}.Release|iPhone.Deploy.0 = Release|Any CPU
		{6F4E1F85-1639-4BAF-B11C-EA1C192B397B}.Release|iPhoneSimulator.ActiveCfg = Release|Any CPU
		{6F4E1F85-1639-4BAF-B11C-EA1C192B397B}.Release|iPhoneSimulator.Build.0 = Release|Any CPU
		{6F4E1F85-1639-4BAF-B11C-EA1C192B397B}.Release|iPhoneSimulator.Deploy.0 = Release|Any CPU
		{531DAE2E-C722-46DE-95AF-ECF022F6F34B}.Ad-Hoc|Any CPU.ActiveCfg = Release|Any CPU
		{531DAE2E-C722-46DE-95AF-ECF022F6F34B}.Ad-Hoc|Any CPU.Build.0 = Release|Any CPU
		{531DAE2E-C722-46DE-95AF-ECF022F6F34B}.Ad-Hoc|iPhone.ActiveCfg = Release|Any CPU
		{531DAE2E-C722-46DE-95AF-ECF022F6F34B}.Ad-Hoc|iPhone.Build.0 = Release|Any CPU
		{531DAE2E-C722-46DE-95AF-ECF022F6F34B}.Ad-Hoc|iPhoneSimulator.ActiveCfg = Release|Any CPU
		{531DAE2E-C722-46DE-95AF-ECF022F6F34B}.Ad-Hoc|iPhoneSimulator.Build.0 = Release|Any CPU
		{531DAE2E-C722-46DE-95AF-ECF022F6F34B}.AppStore|Any CPU.ActiveCfg = Release|Any CPU
		{531DAE2E-C722-46DE-95AF-ECF022F6F34B}.AppStore|Any CPU.Build.0 = Release|Any CPU
		{531DAE2E-C722-46DE-95AF-ECF022F6F34B}.AppStore|iPhone.ActiveCfg = Release|Any CPU
		{531DAE2E-C722-46DE-95AF-ECF022F6F34B}.AppStore|iPhone.Build.0 = Release|Any CPU
		{531DAE2E-C722-46DE-95AF-ECF022F6F34B}.AppStore|iPhoneSimulator.ActiveCfg = Release|Any CPU
		{531DAE2E-C722-46DE-95AF-ECF022F6F34B}.AppStore|iPhoneSimulator.Build.0 = Release|Any CPU
		{531DAE2E-C722-46DE-95AF-ECF022F6F34B}.Debug|Any CPU.ActiveCfg = Debug|Any CPU
		{531DAE2E-C722-46DE-95AF-ECF022F6F34B}.Debug|Any CPU.Build.0 = Debug|Any CPU
		{531DAE2E-C722-46DE-95AF-ECF022F6F34B}.Debug|iPhone.ActiveCfg = Debug|Any CPU
		{531DAE2E-C722-46DE-95AF-ECF022F6F34B}.Debug|iPhone.Build.0 = Debug|Any CPU
		{531DAE2E-C722-46DE-95AF-ECF022F6F34B}.Debug|iPhoneSimulator.ActiveCfg = Debug|Any CPU
		{531DAE2E-C722-46DE-95AF-ECF022F6F34B}.Debug|iPhoneSimulator.Build.0 = Debug|Any CPU
		{531DAE2E-C722-46DE-95AF-ECF022F6F34B}.Release|Any CPU.ActiveCfg = Release|Any CPU
		{531DAE2E-C722-46DE-95AF-ECF022F6F34B}.Release|Any CPU.Build.0 = Release|Any CPU
		{531DAE2E-C722-46DE-95AF-ECF022F6F34B}.Release|iPhone.ActiveCfg = Release|Any CPU
		{531DAE2E-C722-46DE-95AF-ECF022F6F34B}.Release|iPhone.Build.0 = Release|Any CPU
		{531DAE2E-C722-46DE-95AF-ECF022F6F34B}.Release|iPhoneSimulator.ActiveCfg = Release|Any CPU
		{531DAE2E-C722-46DE-95AF-ECF022F6F34B}.Release|iPhoneSimulator.Build.0 = Release|Any CPU
		{133CE40C-A9BE-4B3C-85E2-3FEE05F999D9}.Ad-Hoc|Any CPU.ActiveCfg = Ad-Hoc|iPhone
		{133CE40C-A9BE-4B3C-85E2-3FEE05F999D9}.Ad-Hoc|iPhone.ActiveCfg = Ad-Hoc|iPhone
		{133CE40C-A9BE-4B3C-85E2-3FEE05F999D9}.Ad-Hoc|iPhone.Build.0 = Ad-Hoc|iPhone
		{133CE40C-A9BE-4B3C-85E2-3FEE05F999D9}.Ad-Hoc|iPhoneSimulator.ActiveCfg = Ad-Hoc|iPhoneSimulator
		{133CE40C-A9BE-4B3C-85E2-3FEE05F999D9}.Ad-Hoc|iPhoneSimulator.Build.0 = Ad-Hoc|iPhoneSimulator
		{133CE40C-A9BE-4B3C-85E2-3FEE05F999D9}.AppStore|Any CPU.ActiveCfg = AppStore|iPhone
		{133CE40C-A9BE-4B3C-85E2-3FEE05F999D9}.AppStore|iPhone.ActiveCfg = AppStore|iPhone
		{133CE40C-A9BE-4B3C-85E2-3FEE05F999D9}.AppStore|iPhone.Build.0 = AppStore|iPhone
		{133CE40C-A9BE-4B3C-85E2-3FEE05F999D9}.AppStore|iPhoneSimulator.ActiveCfg = AppStore|iPhoneSimulator
		{133CE40C-A9BE-4B3C-85E2-3FEE05F999D9}.AppStore|iPhoneSimulator.Build.0 = AppStore|iPhoneSimulator
		{133CE40C-A9BE-4B3C-85E2-3FEE05F999D9}.Debug|Any CPU.ActiveCfg = Debug|iPhone
		{133CE40C-A9BE-4B3C-85E2-3FEE05F999D9}.Debug|iPhone.ActiveCfg = Debug|iPhone
		{133CE40C-A9BE-4B3C-85E2-3FEE05F999D9}.Debug|iPhone.Build.0 = Debug|iPhone
		{133CE40C-A9BE-4B3C-85E2-3FEE05F999D9}.Debug|iPhoneSimulator.ActiveCfg = Debug|iPhoneSimulator
		{133CE40C-A9BE-4B3C-85E2-3FEE05F999D9}.Debug|iPhoneSimulator.Build.0 = Debug|iPhoneSimulator
		{133CE40C-A9BE-4B3C-85E2-3FEE05F999D9}.Release|Any CPU.ActiveCfg = Release|iPhone
		{133CE40C-A9BE-4B3C-85E2-3FEE05F999D9}.Release|iPhone.ActiveCfg = Release|iPhone
		{133CE40C-A9BE-4B3C-85E2-3FEE05F999D9}.Release|iPhone.Build.0 = Release|iPhone
		{133CE40C-A9BE-4B3C-85E2-3FEE05F999D9}.Release|iPhoneSimulator.ActiveCfg = Release|iPhoneSimulator
		{133CE40C-A9BE-4B3C-85E2-3FEE05F999D9}.Release|iPhoneSimulator.Build.0 = Release|iPhoneSimulator
	EndGlobalSection
	GlobalSection(SolutionProperties) = preSolution
		HideSolutionNode = FALSE
	EndGlobalSection
EndGlobal
